
Microsoft Visual Studio Solution File, Format Version 12.00
# Visual Studio Version 16
VisualStudioVersion = 16.0.30611.23
MinimumVisualStudioVersion = 10.0.40219.1
Project("{FAE04EC0-301F-11D3-BF4B-00C04F79EFBC}") = "HaberSitesi", "HaberSitesi\HaberSitesi.csproj", "{04E66D52-5587-4B3E-AEE7-4DBB389A78DF}"
EndProject
Global
	GlobalSection(SolutionConfigurationPlatforms) = preSolution
		Debug|Any CPU = Debug|Any CPU
		Release|Any CPU = Release|Any CPU
	EndGlobalSection
	GlobalSection(ProjectConfigurationPlatforms) = postSolution
		{04E66D52-5587-4B3E-AEE7-4DBB389A78DF}.Debug|Any CPU.ActiveCfg = Debug|Any CPU
		{04E66D52-5587-4B3E-AEE7-4DBB389A78DF}.Debug|Any CPU.Build.0 = Debug|Any CPU
		{04E66D52-5587-4B3E-AEE7-4DBB389A78DF}.Release|Any CPU.ActiveCfg = Release|Any CPU
		{04E66D52-5587-4B3E-AEE7-4DBB389A78DF}.Release|Any CPU.Build.0 = Release|Any CPU
	EndGlobalSection
	GlobalSection(SolutionProperties) = preSolution
		HideSolutionNode = FALSE
	EndGlobalSection
	GlobalSection(ExtensibilityGlobals) = postSolution
		SolutionGuid = {D88C2114-8634-4D9C-8BE9-09B5CB590DA8}
	EndGlobalSection
EndGlobal
